// !$*UTF8*$!
{
	archiveVersion = 1;
	classes = {
	};
	objectVersion = 55;
	objects = {

/* Begin PBXBuildFile section */
		CB158C19294B419FC2699447 /* Pods_Rxswift___TableView.framework in Frameworks */ = {isa = PBXBuildFile; fileRef = 11C5E8F6C4E46F4C94C7CAE2 /* Pods_Rxswift___TableView.framework */; };
		D00BE72929B4C89A0095C184 /* AppDelegate.swift in Sources */ = {isa = PBXBuildFile; fileRef = D00BE72829B4C89A0095C184 /* AppDelegate.swift */; };
		D00BE72B29B4C89A0095C184 /* SceneDelegate.swift in Sources */ = {isa = PBXBuildFile; fileRef = D00BE72A29B4C89A0095C184 /* SceneDelegate.swift */; };
		D00BE73329B4C89A0095C184 /* Rxswift___TableView.xcdatamodeld in Sources */ = {isa = PBXBuildFile; fileRef = D00BE73129B4C89A0095C184 /* Rxswift___TableView.xcdatamodeld */; };
		D00BE73529B4C89B0095C184 /* Assets.xcassets in Resources */ = {isa = PBXBuildFile; fileRef = D00BE73429B4C89B0095C184 /* Assets.xcassets */; };
		D00BE73829B4C89B0095C184 /* LaunchScreen.storyboard in Resources */ = {isa = PBXBuildFile; fileRef = D00BE73629B4C89B0095C184 /* LaunchScreen.storyboard */; };
		D00BE74229B4CA490095C184 /* MaterialColor.swift in Sources */ = {isa = PBXBuildFile; fileRef = D00BE74029B4CA490095C184 /* MaterialColor.swift */; };
		D00BE74329B4CA490095C184 /* Product.swift in Sources */ = {isa = PBXBuildFile; fileRef = D00BE74129B4CA490095C184 /* Product.swift */; };
		D00BE75029B4D65F0095C184 /* RootViewController.swift in Sources */ = {isa = PBXBuildFile; fileRef = D00BE74F29B4D65F0095C184 /* RootViewController.swift */; };
		D00BE75229B4D7E80095C184 /* Coordinator.swift in Sources */ = {isa = PBXBuildFile; fileRef = D00BE75129B4D7E80095C184 /* Coordinator.swift */; };
		D00BE75529B4EA4B0095C184 /* Article.swift in Sources */ = {isa = PBXBuildFile; fileRef = D00BE75429B4EA4B0095C184 /* Article.swift */; };
		D00BE75829B4EBA00095C184 /* ArticleService.swift in Sources */ = {isa = PBXBuildFile; fileRef = D00BE75729B4EBA00095C184 /* ArticleService.swift */; };
/* End PBXBuildFile section */

/* Begin PBXFileReference section */
		11C5E8F6C4E46F4C94C7CAE2 /* Pods_Rxswift___TableView.framework */ = {isa = PBXFileReference; explicitFileType = wrapper.framework; includeInIndex = 0; path = "Pods_Rxswift___TableView.framework"; sourceTree = BUILT_PRODUCTS_DIR; };
		123EDAAC9299A2A4014204DF /* Pods-Rxswift + TableView.debug.xcconfig */ = {isa = PBXFileReference; includeInIndex = 1; lastKnownFileType = text.xcconfig; name = "Pods-Rxswift + TableView.debug.xcconfig"; path = "Target Support Files/Pods-Rxswift + TableView/Pods-Rxswift + TableView.debug.xcconfig"; sourceTree = "<group>"; };
		D00BE72529B4C89A0095C184 /* Rxswift + TableView.app */ = {isa = PBXFileReference; explicitFileType = wrapper.application; includeInIndex = 0; path = "Rxswift + TableView.app"; sourceTree = BUILT_PRODUCTS_DIR; };
		D00BE72829B4C89A0095C184 /* AppDelegate.swift */ = {isa = PBXFileReference; lastKnownFileType = sourcecode.swift; path = AppDelegate.swift; sourceTree = "<group>"; };
		D00BE72A29B4C89A0095C184 /* SceneDelegate.swift */ = {isa = PBXFileReference; lastKnownFileType = sourcecode.swift; path = SceneDelegate.swift; sourceTree = "<group>"; };
		D00BE73229B4C89A0095C184 /* Rxswift___TableView.xcdatamodel */ = {isa = PBXFileReference; lastKnownFileType = wrapper.xcdatamodel; path = "Rxswift___TableView.xcdatamodel"; sourceTree = "<group>"; };
		D00BE73429B4C89B0095C184 /* Assets.xcassets */ = {isa = PBXFileReference; lastKnownFileType = folder.assetcatalog; path = Assets.xcassets; sourceTree = "<group>"; };
		D00BE73729B4C89B0095C184 /* Base */ = {isa = PBXFileReference; lastKnownFileType = file.storyboard; name = Base; path = Base.lproj/LaunchScreen.storyboard; sourceTree = "<group>"; };
		D00BE73929B4C89B0095C184 /* Info.plist */ = {isa = PBXFileReference; lastKnownFileType = text.plist.xml; path = Info.plist; sourceTree = "<group>"; };
		D00BE74029B4CA490095C184 /* MaterialColor.swift */ = {isa = PBXFileReference; fileEncoding = 4; lastKnownFileType = sourcecode.swift; path = MaterialColor.swift; sourceTree = "<group>"; };
		D00BE74129B4CA490095C184 /* Product.swift */ = {isa = PBXFileReference; fileEncoding = 4; lastKnownFileType = sourcecode.swift; path = Product.swift; sourceTree = "<group>"; };
		D00BE74F29B4D65F0095C184 /* RootViewController.swift */ = {isa = PBXFileReference; lastKnownFileType = sourcecode.swift; path = RootViewController.swift; sourceTree = "<group>"; };
		D00BE75129B4D7E80095C184 /* Coordinator.swift */ = {isa = PBXFileReference; lastKnownFileType = sourcecode.swift; path = Coordinator.swift; sourceTree = "<group>"; };
		D00BE75429B4EA4B0095C184 /* Article.swift */ = {isa = PBXFileReference; lastKnownFileType = sourcecode.swift; path = Article.swift; sourceTree = "<group>"; };
		D00BE75729B4EBA00095C184 /* ArticleService.swift */ = {isa = PBXFileReference; lastKnownFileType = sourcecode.swift; path = ArticleService.swift; sourceTree = "<group>"; };
		F9FAA1CC68BBF9A533118AF6 /* Pods-Rxswift + TableView.release.xcconfig */ = {isa = PBXFileReference; includeInIndex = 1; lastKnownFileType = text.xcconfig; name = "Pods-Rxswift + TableView.release.xcconfig"; path = "Target Support Files/Pods-Rxswift + TableView/Pods-Rxswift + TableView.release.xcconfig"; sourceTree = "<group>"; };
/* End PBXFileReference section */

/* Begin PBXFrameworksBuildPhase section */
		D00BE72229B4C89A0095C184 /* Frameworks */ = {
			isa = PBXFrameworksBuildPhase;
			buildActionMask = 2147483647;
			files = (
				CB158C19294B419FC2699447 /* Pods_Rxswift___TableView.framework in Frameworks */,
			);
			runOnlyForDeploymentPostprocessing = 0;
		};
/* End PBXFrameworksBuildPhase section */

/* Begin PBXGroup section */
		25DBB4F34806F003F06075FE /* Pods */ = {
			isa = PBXGroup;
			children = (
				123EDAAC9299A2A4014204DF /* Pods-Rxswift + TableView.debug.xcconfig */,
				F9FAA1CC68BBF9A533118AF6 /* Pods-Rxswift + TableView.release.xcconfig */,
			);
			path = Pods;
			sourceTree = "<group>";
		};
		4FF33B274A63C721EB431FA2 /* Frameworks */ = {
			isa = PBXGroup;
			children = (
				11C5E8F6C4E46F4C94C7CAE2 /* Pods_Rxswift___TableView.framework */,
			);
			name = Frameworks;
			sourceTree = "<group>";
		};
		D00BE71C29B4C89A0095C184 = {
			isa = PBXGroup;
			children = (
				D00BE72729B4C89A0095C184 /* Rxswift + TableView */,
				D00BE72629B4C89A0095C184 /* Products */,
				25DBB4F34806F003F06075FE /* Pods */,
				4FF33B274A63C721EB431FA2 /* Frameworks */,
			);
			sourceTree = "<group>";
		};
		D00BE72629B4C89A0095C184 /* Products */ = {
			isa = PBXGroup;
			children = (
				D00BE72529B4C89A0095C184 /* Rxswift + TableView.app */,
			);
			name = Products;
			sourceTree = "<group>";
		};
		D00BE72729B4C89A0095C184 /* Rxswift + TableView */ = {
			isa = PBXGroup;
			children = (
				D00BE75329B4EA3A0095C184 /* Model */,
				D00BE75629B4EB860095C184 /* Service */,
				D00BE74E29B4D64B0095C184 /* Controllers */,
				D00BE73F29B4CA490095C184 /* Models */,
				D00BE72829B4C89A0095C184 /* AppDelegate.swift */,
				D00BE75129B4D7E80095C184 /* Coordinator.swift */,
				D00BE72A29B4C89A0095C184 /* SceneDelegate.swift */,
				D00BE73429B4C89B0095C184 /* Assets.xcassets */,
				D00BE73629B4C89B0095C184 /* LaunchScreen.storyboard */,
				D00BE73929B4C89B0095C184 /* Info.plist */,
				D00BE73129B4C89A0095C184 /* Rxswift___TableView.xcdatamodeld */,
			);
			path = "Rxswift + TableView";
			sourceTree = "<group>";
		};
		D00BE73F29B4CA490095C184 /* Models */ = {
			isa = PBXGroup;
			children = (
				D00BE74029B4CA490095C184 /* MaterialColor.swift */,
				D00BE74129B4CA490095C184 /* Product.swift */,
			);
			path = Models;
			sourceTree = "<group>";
		};
		D00BE74E29B4D64B0095C184 /* Controllers */ = {
			isa = PBXGroup;
			children = (
				D00BE74F29B4D65F0095C184 /* RootViewController.swift */,
			);
			path = Controllers;
			sourceTree = "<group>";
		};
		D00BE75329B4EA3A0095C184 /* Model */ = {
			isa = PBXGroup;
			children = (
				D00BE75429B4EA4B0095C184 /* Article.swift */,
			);
			path = Model;
			sourceTree = "<group>";
		};
		D00BE75629B4EB860095C184 /* Service */ = {
			isa = PBXGroup;
			children = (
				D00BE75729B4EBA00095C184 /* ArticleService.swift */,
			);
			path = Service;
			sourceTree = "<group>";
		};
/* End PBXGroup section */

/* Begin PBXNativeTarget section */
		D00BE72429B4C89A0095C184 /* Rxswift + TableView */ = {
			isa = PBXNativeTarget;
			buildConfigurationList = D00BE73C29B4C89B0095C184 /* Build configuration list for PBXNativeTarget "Rxswift + TableView" */;
			buildPhases = (
				8931240ADFA6FE0E8F637CF6 /* [CP] Check Pods Manifest.lock */,
				D00BE72129B4C89A0095C184 /* Sources */,
				D00BE72229B4C89A0095C184 /* Frameworks */,
				D00BE72329B4C89A0095C184 /* Resources */,
				0B5DB785D6B9FE561D9BBE3F /* [CP] Embed Pods Frameworks */,
			);
			buildRules = (
			);
			dependencies = (
			);
			name = "Rxswift + TableView";
			productName = "Rxswift + TableView";
			productReference = D00BE72529B4C89A0095C184 /* Rxswift + TableView.app */;
			productType = "com.apple.product-type.application";
		};
/* End PBXNativeTarget section */

/* Begin PBXProject section */
		D00BE71D29B4C89A0095C184 /* Project object */ = {
			isa = PBXProject;
			attributes = {
				BuildIndependentTargetsInParallel = 1;
				LastSwiftUpdateCheck = 1400;
				LastUpgradeCheck = 1400;
				TargetAttributes = {
					D00BE72429B4C89A0095C184 = {
						CreatedOnToolsVersion = 14.0.1;
					};
				};
			};
			buildConfigurationList = D00BE72029B4C89A0095C184 /* Build configuration list for PBXProject "Rxswift + TableView" */;
			compatibilityVersion = "Xcode 13.0";
			developmentRegion = en;
			hasScannedForEncodings = 0;
			knownRegions = (
				en,
				Base,
			);
			mainGroup = D00BE71C29B4C89A0095C184;
			productRefGroup = D00BE72629B4C89A0095C184 /* Products */;
			projectDirPath = "";
			projectRoot = "";
			targets = (
				D00BE72429B4C89A0095C184 /* Rxswift + TableView */,
			);
		};
/* End PBXProject section */

/* Begin PBXResourcesBuildPhase section */
		D00BE72329B4C89A0095C184 /* Resources */ = {
			isa = PBXResourcesBuildPhase;
			buildActionMask = 2147483647;
			files = (
				D00BE73829B4C89B0095C184 /* LaunchScreen.storyboard in Resources */,
				D00BE73529B4C89B0095C184 /* Assets.xcassets in Resources */,
			);
			runOnlyForDeploymentPostprocessing = 0;
		};
/* End PBXResourcesBuildPhase section */

/* Begin PBXShellScriptBuildPhase section */
		0B5DB785D6B9FE561D9BBE3F /* [CP] Embed Pods Frameworks */ = {
			isa = PBXShellScriptBuildPhase;
			buildActionMask = 2147483647;
			files = (
			);
			inputFileListPaths = (
				"${PODS_ROOT}/Target Support Files/Pods-Rxswift + TableView/Pods-Rxswift + TableView-frameworks-${CONFIGURATION}-input-files.xcfilelist",
			);
			name = "[CP] Embed Pods Frameworks";
			outputFileListPaths = (
				"${PODS_ROOT}/Target Support Files/Pods-Rxswift + TableView/Pods-Rxswift + TableView-frameworks-${CONFIGURATION}-output-files.xcfilelist",
			);
			runOnlyForDeploymentPostprocessing = 0;
			shellPath = /bin/sh;
			shellScript = "\"${PODS_ROOT}/Target Support Files/Pods-Rxswift + TableView/Pods-Rxswift + TableView-frameworks.sh\"\n";
			showEnvVarsInLog = 0;
		};
		8931240ADFA6FE0E8F637CF6 /* [CP] Check Pods Manifest.lock */ = {
			isa = PBXShellScriptBuildPhase;
			buildActionMask = 2147483647;
			files = (
			);
			inputFileListPaths = (
			);
			inputPaths = (
				"${PODS_PODFILE_DIR_PATH}/Podfile.lock",
				"${PODS_ROOT}/Manifest.lock",
			);
			name = "[CP] Check Pods Manifest.lock";
			outputFileListPaths = (
			);
			outputPaths = (
				"$(DERIVED_FILE_DIR)/Pods-Rxswift + TableView-checkManifestLockResult.txt",
			);
			runOnlyForDeploymentPostprocessing = 0;
			shellPath = /bin/sh;
			shellScript = "diff \"${PODS_PODFILE_DIR_PATH}/Podfile.lock\" \"${PODS_ROOT}/Manifest.lock\" > /dev/null\nif [ $? != 0 ] ; then\n    # print error to STDERR\n    echo \"error: The sandbox is not in sync with the Podfile.lock. Run 'pod install' or update your CocoaPods installation.\" >&2\n    exit 1\nfi\n# This output is used by Xcode 'outputs' to avoid re-running this script phase.\necho \"SUCCESS\" > \"${SCRIPT_OUTPUT_FILE_0}\"\n";
			showEnvVarsInLog = 0;
		};
/* End PBXShellScriptBuildPhase section */

/* Begin PBXSourcesBuildPhase section */
		D00BE72129B4C89A0095C184 /* Sources */ = {
			isa = PBXSourcesBuildPhase;
			buildActionMask = 2147483647;
			files = (
				D00BE74229B4CA490095C184 /* MaterialColor.swift in Sources */,
				D00BE72929B4C89A0095C184 /* AppDelegate.swift in Sources */,
				D00BE75029B4D65F0095C184 /* RootViewController.swift in Sources */,
				D00BE73329B4C89A0095C184 /* Rxswift___TableView.xcdatamodeld in Sources */,
				D00BE75529B4EA4B0095C184 /* Article.swift in Sources */,
				D00BE75829B4EBA00095C184 /* ArticleService.swift in Sources */,
				D00BE72B29B4C89A0095C184 /* SceneDelegate.swift in Sources */,
				D00BE74329B4CA490095C184 /* Product.swift in Sources */,
				D00BE75229B4D7E80095C184 /* Coordinator.swift in Sources */,
			);
			runOnlyForDeploymentPostprocessing = 0;
		};
/* End PBXSourcesBuildPhase section */

/* Begin PBXVariantGroup section */
		D00BE73629B4C89B0095C184 /* LaunchScreen.storyboard */ = {
			isa = PBXVariantGroup;
			children = (
				D00BE73729B4C89B0095C184 /* Base */,
			);
			name = LaunchScreen.storyboard;
			sourceTree = "<group>";
		};
/* End PBXVariantGroup section */

/* Begin XCBuildConfiguration section */
		D00BE73A29B4C89B0095C184 /* Debug */ = {
			isa = XCBuildConfiguration;
			buildSettings = {
				ALWAYS_SEARCH_USER_PATHS = NO;
				CLANG_ANALYZER_NONNULL = YES;
				CLANG_ANALYZER_NUMBER_OBJECT_CONVERSION = YES_AGGRESSIVE;
				CLANG_CXX_LANGUAGE_STANDARD = "gnu++20";
				CLANG_ENABLE_MODULES = YES;
				CLANG_ENABLE_OBJC_ARC = YES;
				CLANG_ENABLE_OBJC_WEAK = YES;
				CLANG_WARN_BLOCK_CAPTURE_AUTORELEASING = YES;
				CLANG_WARN_BOOL_CONVERSION = YES;
				CLANG_WARN_COMMA = YES;
				CLANG_WARN_CONSTANT_CONVERSION = YES;
				CLANG_WARN_DEPRECATED_OBJC_IMPLEMENTATIONS = YES;
				CLANG_WARN_DIRECT_OBJC_ISA_USAGE = YES_ERROR;
				CLANG_WARN_DOCUMENTATION_COMMENTS = YES;
				CLANG_WARN_EMPTY_BODY = YES;
				CLANG_WARN_ENUM_CONVERSION = YES;
				CLANG_WARN_INFINITE_RECURSION = YES;
				CLANG_WARN_INT_CONVERSION = YES;
				CLANG_WARN_NON_LITERAL_NULL_CONVERSION = YES;
				CLANG_WARN_OBJC_IMPLICIT_RETAIN_SELF = YES;
				CLANG_WARN_OBJC_LITERAL_CONVERSION = YES;
				CLANG_WARN_OBJC_ROOT_CLASS = YES_ERROR;
				CLANG_WARN_QUOTED_INCLUDE_IN_FRAMEWORK_HEADER = YES;
				CLANG_WARN_RANGE_LOOP_ANALYSIS = YES;
				CLANG_WARN_STRICT_PROTOTYPES = YES;
				CLANG_WARN_SUSPICIOUS_MOVE = YES;
				CLANG_WARN_UNGUARDED_AVAILABILITY = YES_AGGRESSIVE;
				CLANG_WARN_UNREACHABLE_CODE = YES;
				CLANG_WARN__DUPLICATE_METHOD_MATCH = YES;
				COPY_PHASE_STRIP = NO;
				DEBUG_INFORMATION_FORMAT = dwarf;
				ENABLE_STRICT_OBJC_MSGSEND = YES;
				ENABLE_TESTABILITY = YES;
				GCC_C_LANGUAGE_STANDARD = gnu11;
				GCC_DYNAMIC_NO_PIC = NO;
				GCC_NO_COMMON_BLOCKS = YES;
				GCC_OPTIMIZATION_LEVEL = 0;
				GCC_PREPROCESSOR_DEFINITIONS = (
					"DEBUG=1",
					"$(inherited)",
				);
				GCC_WARN_64_TO_32_BIT_CONVERSION = YES;
				GCC_WARN_ABOUT_RETURN_TYPE = YES_ERROR;
				GCC_WARN_UNDECLARED_SELECTOR = YES;
				GCC_WARN_UNINITIALIZED_AUTOS = YES_AGGRESSIVE;
				GCC_WARN_UNUSED_FUNCTION = YES;
				GCC_WARN_UNUSED_VARIABLE = YES;
				IPHONEOS_DEPLOYMENT_TARGET = 16.0;
				MTL_ENABLE_DEBUG_INFO = INCLUDE_SOURCE;
				MTL_FAST_MATH = YES;
				ONLY_ACTIVE_ARCH = YES;
				SDKROOT = iphoneos;
				SWIFT_ACTIVE_COMPILATION_CONDITIONS = DEBUG;
				SWIFT_OPTIMIZATION_LEVEL = "-Onone";
			};
			name = Debug;
		};
		D00BE73B29B4C89B0095C184 /* Release */ = {
			isa = XCBuildConfiguration;
			buildSettings = {
				ALWAYS_SEARCH_USER_PATHS = NO;
				CLANG_ANALYZER_NONNULL = YES;
				CLANG_ANALYZER_NUMBER_OBJECT_CONVERSION = YES_AGGRESSIVE;
				CLANG_CXX_LANGUAGE_STANDARD = "gnu++20";
				CLANG_ENABLE_MODULES = YES;
				CLANG_ENABLE_OBJC_ARC = YES;
				CLANG_ENABLE_OBJC_WEAK = YES;
				CLANG_WARN_BLOCK_CAPTURE_AUTORELEASING = YES;
				CLANG_WARN_BOOL_CONVERSION = YES;
				CLANG_WARN_COMMA = YES;
				CLANG_WARN_CONSTANT_CONVERSION = YES;
				CLANG_WARN_DEPRECATED_OBJC_IMPLEMENTATIONS = YES;
				CLANG_WARN_DIRECT_OBJC_ISA_USAGE = YES_ERROR;
				CLANG_WARN_DOCUMENTATION_COMMENTS = YES;
				CLANG_WARN_EMPTY_BODY = YES;
				CLANG_WARN_ENUM_CONVERSION = YES;
				CLANG_WARN_INFINITE_RECURSION = YES;
				CLANG_WARN_INT_CONVERSION = YES;
				CLANG_WARN_NON_LITERAL_NULL_CONVERSION = YES;
				CLANG_WARN_OBJC_IMPLICIT_RETAIN_SELF = YES;
				CLANG_WARN_OBJC_LITERAL_CONVERSION = YES;
				CLANG_WARN_OBJC_ROOT_CLASS = YES_ERROR;
				CLANG_WARN_QUOTED_INCLUDE_IN_FRAMEWORK_HEADER = YES;
				CLANG_WARN_RANGE_LOOP_ANALYSIS = YES;
				CLANG_WARN_STRICT_PROTOTYPES = YES;
				CLANG_WARN_SUSPICIOUS_MOVE = YES;
				CLANG_WARN_UNGUARDED_AVAILABILITY = YES_AGGRESSIVE;
				CLANG_WARN_UNREACHABLE_CODE = YES;
				CLANG_WARN__DUPLICATE_METHOD_MATCH = YES;
				COPY_PHASE_STRIP = NO;
				DEBUG_INFORMATION_FORMAT = "dwarf-with-dsym";
				ENABLE_NS_ASSERTIONS = NO;
				ENABLE_STRICT_OBJC_MSGSEND = YES;
				GCC_C_LANGUAGE_STANDARD = gnu11;
				GCC_NO_COMMON_BLOCKS = YES;
				GCC_WARN_64_TO_32_BIT_CONVERSION = YES;
				GCC_WARN_ABOUT_RETURN_TYPE = YES_ERROR;
				GCC_WARN_UNDECLARED_SELECTOR = YES;
				GCC_WARN_UNINITIALIZED_AUTOS = YES_AGGRESSIVE;
				GCC_WARN_UNUSED_FUNCTION = YES;
				GCC_WARN_UNUSED_VARIABLE = YES;
				IPHONEOS_DEPLOYMENT_TARGET = 16.0;
				MTL_ENABLE_DEBUG_INFO = NO;
				MTL_FAST_MATH = YES;
				SDKROOT = iphoneos;
				SWIFT_COMPILATION_MODE = wholemodule;
				SWIFT_OPTIMIZATION_LEVEL = "-O";
				VALIDATE_PRODUCT = YES;
			};
			name = Release;
		};
		D00BE73D29B4C89B0095C184 /* Debug */ = {
			isa = XCBuildConfiguration;
			baseConfigurationReference = 123EDAAC9299A2A4014204DF /* Pods-Rxswift + TableView.debug.xcconfig */;
			buildSettings = {
				ASSETCATALOG_COMPILER_APPICON_NAME = AppIcon;
				ASSETCATALOG_COMPILER_GLOBAL_ACCENT_COLOR_NAME = AccentColor;
				CODE_SIGN_STYLE = Automatic;
				CURRENT_PROJECT_VERSION = 1;
				DEVELOPMENT_TEAM = Z7Y6QV42C3;
				GENERATE_INFOPLIST_FILE = YES;
				INFOPLIST_FILE = "Rxswift + TableView/Info.plist";
				INFOPLIST_KEY_UIApplicationSupportsIndirectInputEvents = YES;
				INFOPLIST_KEY_UILaunchStoryboardName = LaunchScreen;
				INFOPLIST_KEY_UIStatusBarStyle = "";
				INFOPLIST_KEY_UISupportedInterfaceOrientations_iPad = "UIInterfaceOrientationPortrait UIInterfaceOrientationPortraitUpsideDown UIInterfaceOrientationLandscapeLeft UIInterfaceOrientationLandscapeRight";
				INFOPLIST_KEY_UISupportedInterfaceOrientations_iPhone = "UIInterfaceOrientationPortrait UIInterfaceOrientationLandscapeLeft UIInterfaceOrientationLandscapeRight";
				LD_RUNPATH_SEARCH_PATHS = (
					"$(inherited)",
					"@executable_path/Frameworks",
				);
				MARKETING_VERSION = 1.0;
				PRODUCT_BUNDLE_IDENTIFIER = "com.DM.Rxswift---TableView";
				PRODUCT_NAME = "$(TARGET_NAME)";
				SWIFT_EMIT_LOC_STRINGS = YES;
				SWIFT_VERSION = 5.0;
				TARGETED_DEVICE_FAMILY = "1,2";
			};
			name = Debug;
		};
		D00BE73E29B4C89B0095C184 /* Release */ = {
			isa = XCBuildConfiguration;
			baseConfigurationReference = F9FAA1CC68BBF9A533118AF6 /* Pods-Rxswift + TableView.release.xcconfig */;
			buildSettings = {
				ASSETCATALOG_COMPILER_APPICON_NAME = AppIcon;
				ASSETCATALOG_COMPILER_GLOBAL_ACCENT_COLOR_NAME = AccentColor;
				CODE_SIGN_STYLE = Automatic;
				CURRENT_PROJECT_VERSION = 1;
				DEVELOPMENT_TEAM = Z7Y6QV42C3;
				GENERATE_INFOPLIST_FILE = YES;
				INFOPLIST_FILE = "Rxswift + TableView/Info.plist";
				INFOPLIST_KEY_UIApplicationSupportsIndirectInputEvents = YES;
				INFOPLIST_KEY_UILaunchStoryboardName = LaunchScreen;
				INFOPLIST_KEY_UIStatusBarStyle = "";
				INFOPLIST_KEY_UISupportedInterfaceOrientations_iPad = "UIInterfaceOrientationPortrait UIInterfaceOrientationPortraitUpsideDown UIInterfaceOrientationLandscapeLeft UIInterfaceOrientationLandscapeRight";
				INFOPLIST_KEY_UISupportedInterfaceOrientations_iPhone = "UIInterfaceOrientationPortrait UIInterfaceOrientationLandscapeLeft UIInterfaceOrientationLandscapeRight";
				LD_RUNPATH_SEARCH_PATHS = (
					"$(inherited)",
					"@executable_path/Frameworks",
				);
				MARKETING_VERSION = 1.0;
				PRODUCT_BUNDLE_IDENTIFIER = "com.DM.Rxswift---TableView";
				PRODUCT_NAME = "$(TARGET_NAME)";
				SWIFT_EMIT_LOC_STRINGS = YES;
				SWIFT_VERSION = 5.0;
				TARGETED_DEVICE_FAMILY = "1,2";
			};
			name = Release;
		};
/* End XCBuildConfiguration section */

/* Begin XCConfigurationList section */
		D00BE72029B4C89A0095C184 /* Build configuration list for PBXProject "Rxswift + TableView" */ = {
			isa = XCConfigurationList;
			buildConfigurations = (
				D00BE73A29B4C89B0095C184 /* Debug */,
				D00BE73B29B4C89B0095C184 /* Release */,
			);
			defaultConfigurationIsVisible = 0;
			defaultConfigurationName = Release;
		};
		D00BE73C29B4C89B0095C184 /* Build configuration list for PBXNativeTarget "Rxswift + TableView" */ = {
			isa = XCConfigurationList;
			buildConfigurations = (
				D00BE73D29B4C89B0095C184 /* Debug */,
				D00BE73E29B4C89B0095C184 /* Release */,
			);
			defaultConfigurationIsVisible = 0;
			defaultConfigurationName = Release;
		};
/* End XCConfigurationList section */

/* Begin XCVersionGroup section */
		D00BE73129B4C89A0095C184 /* Rxswift___TableView.xcdatamodeld */ = {
			isa = XCVersionGroup;
			children = (
				D00BE73229B4C89A0095C184 /* Rxswift___TableView.xcdatamodel */,
			);
			currentVersion = D00BE73229B4C89A0095C184 /* Rxswift___TableView.xcdatamodel */;
			path = "Rxswift___TableView.xcdatamodeld";
			sourceTree = "<group>";
			versionGroupType = wrapper.xcdatamodel;
		};
/* End XCVersionGroup section */
	};
	rootObject = D00BE71D29B4C89A0095C184 /* Project object */;
}
